{
  "name": "ui",
  "lockfileVersion": 3,
  "requires": true,
  "packages": {
    "": {
      "dependencies": {
        "@react-spectrum/icon": "^3.7.11",
        "bootstrap": "^5.3.3",
        "bootstrap-icons": "^1.11.3"
      }
    },
    "node_modules/@formatjs/ecma402-abstract": {
      "version": "1.18.2",
      "resolved": "https://registry.npmjs.org/@formatjs/ecma402-abstract/-/ecma402-abstract-1.18.2.tgz",
      "integrity": "sha512-+QoPW4csYALsQIl8GbN14igZzDbuwzcpWrku9nyMXlaqAlwRBgl5V+p0vWMGFqHOw37czNXaP/lEk4wbLgcmtA==",
      "dependencies": {
        "@formatjs/intl-localematcher": "0.5.4",
        "tslib": "^2.4.0"
      }
    },
    "node_modules/@formatjs/fast-memoize": {
      "version": "2.2.0",
      "resolved": "https://registry.npmjs.org/@formatjs/fast-memoize/-/fast-memoize-2.2.0.tgz",
      "integrity": "sha512-hnk/nY8FyrL5YxwP9e4r9dqeM6cAbo8PeU9UjyXojZMNvVad2Z06FAVHyR3Ecw6fza+0GH7vdJgiKIVXTMbSBA==",
      "dependencies": {
        "tslib": "^2.4.0"
      }
    },
    "node_modules/@formatjs/icu-messageformat-parser": {
      "version": "2.7.6",
      "resolved": "https://registry.npmjs.org/@formatjs/icu-messageformat-parser/-/icu-messageformat-parser-2.7.6.tgz",
      "integrity": "sha512-etVau26po9+eewJKYoiBKP6743I1br0/Ie00Pb/S/PtmYfmjTcOn2YCh2yNkSZI12h6Rg+BOgQYborXk46BvkA==",
      "dependencies": {
        "@formatjs/ecma402-abstract": "1.18.2",
        "@formatjs/icu-skeleton-parser": "1.8.0",
        "tslib": "^2.4.0"
      }
    },
    "node_modules/@formatjs/icu-skeleton-parser": {
      "version": "1.8.0",
      "resolved": "https://registry.npmjs.org/@formatjs/icu-skeleton-parser/-/icu-skeleton-parser-1.8.0.tgz",
      "integrity": "sha512-QWLAYvM0n8hv7Nq5BEs4LKIjevpVpbGLAJgOaYzg9wABEoX1j0JO1q2/jVkO6CVlq0dbsxZCngS5aXbysYueqA==",
      "dependencies": {
        "@formatjs/ecma402-abstract": "1.18.2",
        "tslib": "^2.4.0"
      }
    },
    "node_modules/@formatjs/intl-localematcher": {
      "version": "0.5.4",
      "resolved": "https://registry.npmjs.org/@formatjs/intl-localematcher/-/intl-localematcher-0.5.4.tgz",
      "integrity": "sha512-zTwEpWOzZ2CiKcB93BLngUX59hQkuZjT2+SAQEscSm52peDW/getsawMcWF1rGRpMCX6D7nSJA3CzJ8gn13N/g==",
      "dependencies": {
        "tslib": "^2.4.0"
      }
    },
    "node_modules/@internationalized/date": {
      "version": "3.5.2",
      "resolved": "https://registry.npmjs.org/@internationalized/date/-/date-3.5.2.tgz",
      "integrity": "sha512-vo1yOMUt2hzp63IutEaTUxROdvQg1qlMRsbCvbay2AK2Gai7wIgCyK5weEX3nHkiLgo4qCXHijFNC/ILhlRpOQ==",
      "dependencies": {
        "@swc/helpers": "^0.5.0"
      }
    },
    "node_modules/@internationalized/message": {
      "version": "3.1.2",
      "resolved": "https://registry.npmjs.org/@internationalized/message/-/message-3.1.2.tgz",
      "integrity": "sha512-MHAWsZWz8jf6jFPZqpTudcCM361YMtPIRu9CXkYmKjJ/0R3pQRScV5C0zS+Qi50O5UAm8ecKhkXx6mWDDcF6/g==",
      "dependencies": {
        "@swc/helpers": "^0.5.0",
        "intl-messageformat": "^10.1.0"
      }
    },
    "node_modules/@internationalized/number": {
      "version": "3.5.1",
      "resolved": "https://registry.npmjs.org/@internationalized/number/-/number-3.5.1.tgz",
      "integrity": "sha512-N0fPU/nz15SwR9IbfJ5xaS9Ss/O5h1sVXMZf43vc9mxEG48ovglvvzBjF53aHlq20uoR6c+88CrIXipU/LSzwg==",
      "dependencies": {
        "@swc/helpers": "^0.5.0"
      }
    },
    "node_modules/@internationalized/string": {
      "version": "3.2.1",
      "resolved": "https://registry.npmjs.org/@internationalized/string/-/string-3.2.1.tgz",
      "integrity": "sha512-vWQOvRIauvFMzOO+h7QrdsJmtN1AXAFVcaLWP9AseRN2o7iHceZ6bIXhBD4teZl8i91A3gxKnWBlGgjCwU6MFQ==",
      "dependencies": {
        "@swc/helpers": "^0.5.0"
      }
    },
    "node_modules/@popperjs/core": {
      "version": "2.11.8",
      "resolved": "https://registry.npmjs.org/@popperjs/core/-/core-2.11.8.tgz",
      "integrity": "sha512-P1st0aksCrn9sGZhp8GMYwBnQsbvAWsZAX44oXNNvLHGqAOcoVxmjZiohstwQ7SqKnbR47akdNi+uleWD8+g6A==",
      "peer": true,
      "funding": {
        "type": "opencollective",
        "url": "https://opencollective.com/popperjs"
      }
    },
    "node_modules/@react-aria/focus": {
      "version": "3.16.2",
      "resolved": "https://registry.npmjs.org/@react-aria/focus/-/focus-3.16.2.tgz",
      "integrity": "sha512-Rqo9ummmgotESfypzFjI3uh58yMpL+E+lJBbQuXkBM0u0cU2YYzu0uOrFrq3zcHk997udZvq1pGK/R+2xk9B7g==",
      "peer": true,
      "dependencies": {
        "@react-aria/interactions": "^3.21.1",
        "@react-aria/utils": "^3.23.2",
        "@react-types/shared": "^3.22.1",
        "@swc/helpers": "^0.5.0",
        "clsx": "^2.0.0"
      },
      "peerDependencies": {
        "react": "^16.8.0 || ^17.0.0-rc.1 || ^18.0.0"
      }
    },
    "node_modules/@react-aria/i18n": {
      "version": "3.10.2",
      "resolved": "https://registry.npmjs.org/@react-aria/i18n/-/i18n-3.10.2.tgz",
      "integrity": "sha512-Z1ormoIvMOI4mEdcFLYsoJy9w/EzBdBmgfLP+S/Ah+1xwQOXpgwZxiKOhYHpWa0lf6hkKJL34N9MHJvCJ5Crvw==",
      "dependencies": {
        "@internationalized/date": "^3.5.2",
        "@internationalized/message": "^3.1.2",
        "@internationalized/number": "^3.5.1",
        "@internationalized/string": "^3.2.1",
        "@react-aria/ssr": "^3.9.2",
        "@react-aria/utils": "^3.23.2",
        "@react-types/shared": "^3.22.1",
        "@swc/helpers": "^0.5.0"
      },
      "peerDependencies": {
        "react": "^16.8.0 || ^17.0.0-rc.1 || ^18.0.0"
      }
    },
    "node_modules/@react-aria/interactions": {
      "version": "3.21.1",
      "resolved": "https://registry.npmjs.org/@react-aria/interactions/-/interactions-3.21.1.tgz",
      "integrity": "sha512-AlHf5SOzsShkHfV8GLLk3v9lEmYqYHURKcXWue0JdYbmquMRkUsf/+Tjl1+zHVAQ8lKqRnPYbTmc4AcZbqxltw==",
      "peer": true,
      "dependencies": {
        "@react-aria/ssr": "^3.9.2",
        "@react-aria/utils": "^3.23.2",
        "@react-types/shared": "^3.22.1",
        "@swc/helpers": "^0.5.0"
      },
      "peerDependencies": {
        "react": "^16.8.0 || ^17.0.0-rc.1 || ^18.0.0"
      }
    },
    "node_modules/@react-aria/overlays": {
      "version": "3.21.1",
      "resolved": "https://registry.npmjs.org/@react-aria/overlays/-/overlays-3.21.1.tgz",
      "integrity": "sha512-djEBDF+TbIIOHWWNpdm19+z8xtY8U+T+wKVQg/UZ6oWnclSqSWeGl70vu73Cg4HVBJ4hKf1SRx4Z/RN6VvH4Yw==",
      "peer": true,
      "dependencies": {
        "@react-aria/focus": "^3.16.2",
        "@react-aria/i18n": "^3.10.2",
        "@react-aria/interactions": "^3.21.1",
        "@react-aria/ssr": "^3.9.2",
        "@react-aria/utils": "^3.23.2",
        "@react-aria/visually-hidden": "^3.8.10",
        "@react-stately/overlays": "^3.6.5",
        "@react-types/button": "^3.9.2",
        "@react-types/overlays": "^3.8.5",
        "@react-types/shared": "^3.22.1",
        "@swc/helpers": "^0.5.0"
      },
      "peerDependencies": {
        "react": "^16.8.0 || ^17.0.0-rc.1 || ^18.0.0",
        "react-dom": "^16.8.0 || ^17.0.0-rc.1 || ^18.0.0"
      }
    },
    "node_modules/@react-aria/ssr": {
      "version": "3.9.2",
      "resolved": "https://registry.npmjs.org/@react-aria/ssr/-/ssr-3.9.2.tgz",
      "integrity": "sha512-0gKkgDYdnq1w+ey8KzG9l+H5Z821qh9vVjztk55rUg71vTk/Eaebeir+WtzcLLwTjw3m/asIjx8Y59y1lJZhBw==",
      "dependencies": {
        "@swc/helpers": "^0.5.0"
      },
      "engines": {
        "node": ">= 12"
      },
      "peerDependencies": {
        "react": "^16.8.0 || ^17.0.0-rc.1 || ^18.0.0"
      }
    },
    "node_modules/@react-aria/utils": {
      "version": "3.23.2",
      "resolved": "https://registry.npmjs.org/@react-aria/utils/-/utils-3.23.2.tgz",
      "integrity": "sha512-yznR9jJ0GG+YJvTMZxijQwVp+ahP66DY0apZf7X+dllyN+ByEDW+yaL1ewYPIpugxVzH5P8jhnBXsIyHKN411g==",
      "dependencies": {
        "@react-aria/ssr": "^3.9.2",
        "@react-stately/utils": "^3.9.1",
        "@react-types/shared": "^3.22.1",
        "@swc/helpers": "^0.5.0",
        "clsx": "^2.0.0"
      },
      "peerDependencies": {
        "react": "^16.8.0 || ^17.0.0-rc.1 || ^18.0.0"
      }
    },
    "node_modules/@react-aria/visually-hidden": {
      "version": "3.8.10",
      "resolved": "https://registry.npmjs.org/@react-aria/visually-hidden/-/visually-hidden-3.8.10.tgz",
      "integrity": "sha512-np8c4wxdbE7ZrMv/bnjwEfpX0/nkWy9sELEb0sK8n4+HJ+WycoXXrVxBUb9tXgL/GCx5ReeDQChjQWwajm/z3A==",
      "peer": true,
      "dependencies": {
        "@react-aria/interactions": "^3.21.1",
        "@react-aria/utils": "^3.23.2",
        "@react-types/shared": "^3.22.1",
        "@swc/helpers": "^0.5.0"
      },
      "peerDependencies": {
        "react": "^16.8.0 || ^17.0.0-rc.1 || ^18.0.0"
      }
    },
    "node_modules/@react-spectrum/icon": {
      "version": "3.7.11",
      "resolved": "https://registry.npmjs.org/@react-spectrum/icon/-/icon-3.7.11.tgz",
      "integrity": "sha512-CTvbukq0g2oEjMqwMDx2qjfmFAv6u7/KwHRn9pGf6BUiU53Zlnl6Fjtm+c9cw8d9GcwlXyIWYBMIKyMm4+7g5A==",
      "dependencies": {
        "@react-aria/utils": "^3.23.2",
        "@react-spectrum/utils": "^3.11.5",
        "@react-types/shared": "^3.22.1",
        "@swc/helpers": "^0.5.0"
      },
      "peerDependencies": {
        "@react-spectrum/provider": "^3.0.0",
        "react": "^16.8.0 || ^17.0.0-rc.1 || ^18.0.0"
      }
    },
    "node_modules/@react-spectrum/provider": {
      "version": "3.9.5",
      "resolved": "https://registry.npmjs.org/@react-spectrum/provider/-/provider-3.9.5.tgz",
      "integrity": "sha512-FE5RQC1EwMMXUAtslekheyA0IrXSev4flaY4CT3exC/ohB1PuiXUDg4qqaHos2vVhsdUPNq5SeathtHEr8ryJA==",
      "peer": true,
      "dependencies": {
        "@react-aria/i18n": "^3.10.2",
        "@react-aria/overlays": "^3.21.1",
        "@react-aria/utils": "^3.23.2",
        "@react-spectrum/utils": "^3.11.5",
        "@react-types/provider": "^3.7.2",
        "@react-types/shared": "^3.22.1",
        "@swc/helpers": "^0.5.0",
        "clsx": "^2.0.0"
      },
      "peerDependencies": {
        "react": "^16.8.0 || ^17.0.0-rc.1 || ^18.0.0",
        "react-dom": "^16.8.0 || ^17.0.0-rc.1 || ^18.0.0"
      }
    },
    "node_modules/@react-spectrum/utils": {
      "version": "3.11.5",
      "resolved": "https://registry.npmjs.org/@react-spectrum/utils/-/utils-3.11.5.tgz",
      "integrity": "sha512-V4heIuCBXhYOP3om5B0KNs2+RK6RKwAhHVjjJZ3RBeNqsF9UDxv+D/+dk3sAM2dsM1F8l38BNXQMMWXWW/BZYA==",
      "dependencies": {
        "@react-aria/i18n": "^3.10.2",
        "@react-aria/ssr": "^3.9.2",
        "@react-aria/utils": "^3.23.2",
        "@react-types/shared": "^3.22.1",
        "@swc/helpers": "^0.5.0",
        "clsx": "^2.0.0"
      },
      "peerDependencies": {
        "react": "^16.8.0 || ^17.0.0-rc.1 || ^18.0.0"
      }
    },
    "node_modules/@react-stately/overlays": {
      "version": "3.6.5",
      "resolved": "https://registry.npmjs.org/@react-stately/overlays/-/overlays-3.6.5.tgz",
      "integrity": "sha512-U4rCFj6TPJPXLUvYXAcvh+yP/CO2W+7f0IuqP7ZZGE+Osk9qFkT+zRK5/6ayhBDFpmueNfjIEAzT9gYPQwNHFw==",
      "peer": true,
      "dependencies": {
        "@react-stately/utils": "^3.9.1",
        "@react-types/overlays": "^3.8.5",
        "@swc/helpers": "^0.5.0"
      },
      "peerDependencies": {
        "react": "^16.8.0 || ^17.0.0-rc.1 || ^18.0.0"
      }
    },
    "node_modules/@react-stately/utils": {
      "version": "3.9.1",
      "resolved": "https://registry.npmjs.org/@react-stately/utils/-/utils-3.9.1.tgz",
      "integrity": "sha512-yzw75GE0iUWiyps02BOAPTrybcsMIxEJlzXqtvllAb01O9uX5n0i3X+u2eCpj2UoDF4zS08Ps0jPgWxg8xEYtA==",
      "dependencies": {
        "@swc/helpers": "^0.5.0"
      },
      "peerDependencies": {
        "react": "^16.8.0 || ^17.0.0-rc.1 || ^18.0.0"
      }
    },
    "node_modules/@react-types/button": {
      "version": "3.9.2",
      "resolved": "https://registry.npmjs.org/@react-types/button/-/button-3.9.2.tgz",
      "integrity": "sha512-EnPTkGHZRtiwAoJy5q9lDjoG30bEzA/qnvKG29VVXKYAGeqY2IlFs1ypmU+z1X/CpJgPcG3I5cakM7yTVm3pSg==",
      "peer": true,
      "dependencies": {
        "@react-types/shared": "^3.22.1"
      },
      "peerDependencies": {
        "react": "^16.8.0 || ^17.0.0-rc.1 || ^18.0.0"
      }
    },
    "node_modules/@react-types/overlays": {
      "version": "3.8.5",
      "resolved": "https://registry.npmjs.org/@react-types/overlays/-/overlays-3.8.5.tgz",
      "integrity": "sha512-4D7EEBQigD/m8hE68Ys8eloyyZFHHduqykSIgINJ0edmo0jygRbWlTwuhWFR9USgSP4dK54duN0Mvq0m4HEVEw==",
      "peer": true,
      "dependencies": {
        "@react-types/shared": "^3.22.1"
      },
      "peerDependencies": {
        "react": "^16.8.0 || ^17.0.0-rc.1 || ^18.0.0"
      }
    },
    "node_modules/@react-types/provider": {
      "version": "3.7.2",
      "resolved": "https://registry.npmjs.org/@react-types/provider/-/provider-3.7.2.tgz",
      "integrity": "sha512-nzxbfuh/ZJXt/blGAiRPkxi9jAUnnBkHcvljqdfizfLJlN5epaYYaTWNUSde27Oe1tAnpm2WDlLQo5+0C6C0FA==",
      "peer": true,
      "dependencies": {
        "@react-types/shared": "^3.22.1"
      },
      "peerDependencies": {
        "react": "^16.8.0 || ^17.0.0-rc.1 || ^18.0.0"
      }
    },
    "node_modules/@react-types/shared": {
      "version": "3.22.1",
      "resolved": "https://registry.npmjs.org/@react-types/shared/-/shared-3.22.1.tgz",
      "integrity": "sha512-PCpa+Vo6BKnRMuOEzy5zAZ3/H5tnQg1e80khMhK2xys0j6ZqzkgQC+fHMNZ7VDFNLqqNMj/o0eVeSBDh2POjkw==",
      "peerDependencies": {
        "react": "^16.8.0 || ^17.0.0-rc.1 || ^18.0.0"
      }
    },
    "node_modules/@swc/helpers": {
      "version": "0.5.6",
      "resolved": "https://registry.npmjs.org/@swc/helpers/-/helpers-0.5.6.tgz",
      "integrity": "sha512-aYX01Ke9hunpoCexYAgQucEpARGQ5w/cqHFrIR+e9gdKb1QWTsVJuTJ2ozQzIAxLyRQe/m+2RqzkyOOGiMKRQA==",
      "dependencies": {
        "tslib": "^2.4.0"
      }
    },
    "node_modules/bootstrap": {
      "version": "5.3.3",
      "resolved": "https://registry.npmjs.org/bootstrap/-/bootstrap-5.3.3.tgz",
      "integrity": "sha512-8HLCdWgyoMguSO9o+aH+iuZ+aht+mzW0u3HIMzVu7Srrpv7EBBxTnrFlSCskwdY1+EOFQSm7uMJhNQHkdPcmjg==",
      "funding": [
        {
          "type": "github",
          "url": "https://github.com/sponsors/twbs"
        },
        {
          "type": "opencollective",
          "url": "https://opencollective.com/bootstrap"
        }
      ],
      "peerDependencies": {
        "@popperjs/core": "^2.11.8"
      }
    },
    "node_modules/bootstrap-icons": {
      "version": "1.11.3",
      "resolved": "https://registry.npmjs.org/bootstrap-icons/-/bootstrap-icons-1.11.3.tgz",
      "integrity": "sha512-+3lpHrCw/it2/7lBL15VR0HEumaBss0+f/Lb6ZvHISn1mlK83jjFpooTLsMWbIjJMDjDjOExMsTxnXSIT4k4ww==",
      "funding": [
        {
          "type": "github",
          "url": "https://github.com/sponsors/twbs"
        },
        {
          "type": "opencollective",
          "url": "https://opencollective.com/bootstrap"
        }
      ]
    },
    "node_modules/clsx": {
      "version": "2.1.0",
      "resolved": "https://registry.npmjs.org/clsx/-/clsx-2.1.0.tgz",
      "integrity": "sha512-m3iNNWpd9rl3jvvcBnu70ylMdrXt8Vlq4HYadnU5fwcOtvkSQWPmj7amUcDT2qYI7risszBjI5AUIUox9D16pg==",
      "engines": {
        "node": ">=6"
      }
    },
    "node_modules/intl-messageformat": {
      "version": "10.5.11",
      "resolved": "https://registry.npmjs.org/intl-messageformat/-/intl-messageformat-10.5.11.tgz",
      "integrity": "sha512-eYq5fkFBVxc7GIFDzpFQkDOZgNayNTQn4Oufe8jw6YY6OHVw70/4pA3FyCsQ0Gb2DnvEJEMmN2tOaXUGByM+kg==",
      "dependencies": {
        "@formatjs/ecma402-abstract": "1.18.2",
        "@formatjs/fast-memoize": "2.2.0",
        "@formatjs/icu-messageformat-parser": "2.7.6",
        "tslib": "^2.4.0"
      }
    },
    "node_modules/js-tokens": {
      "version": "4.0.0",
      "resolved": "https://registry.npmjs.org/js-tokens/-/js-tokens-4.0.0.tgz",
      "integrity": "sha512-RdJUflcE3cUzKiMqQgsCu06FPu9UdIJO0beYbPhHN4k6apgJtifcoCtT9bcxOpYBtpD2kCM6Sbzg4CausW/PKQ==",
      "peer": true
    },
    "node_modules/loose-envify": {
      "version": "1.4.0",
      "resolved": "https://registry.npmjs.org/loose-envify/-/loose-envify-1.4.0.tgz",
      "integrity": "sha512-lyuxPGr/Wfhrlem2CL/UcnUc1zcqKAImBDzukY7Y5F/yQiNdko6+fRLevlw1HgMySw7f611UIY408EtxRSoK3Q==",
      "peer": true,
      "dependencies": {
        "js-tokens": "^3.0.0 || ^4.0.0"
      },
      "bin": {
        "loose-envify": "cli.js"
      }
    },
    "node_modules/react": {
      "version": "18.2.0",
      "resolved": "https://registry.npmjs.org/react/-/react-18.2.0.tgz",
      "integrity": "sha512-/3IjMdb2L9QbBdWiW5e3P2/npwMBaU9mHCSCUzNln0ZCYbcfTsGbTJrU/kGemdH2IWmB2ioZ+zkxtmq6g09fGQ==",
      "peer": true,
      "dependencies": {
        "loose-envify": "^1.1.0"
      },
      "engines": {
        "node": ">=0.10.0"
      }
    },
    "node_modules/react-dom": {
      "version": "18.2.0",
      "resolved": "https://registry.npmjs.org/react-dom/-/react-dom-18.2.0.tgz",
      "integrity": "sha512-6IMTriUmvsjHUjNtEDudZfuDQUoWXVxKHhlEGSk81n4YFS+r/Kl99wXiwlVXtPBtJenozv2P+hxDsw9eA7Xo6g==",
      "peer": true,
      "dependencies": {
        "loose-envify": "^1.1.0",
        "scheduler": "^0.23.0"
      },
      "peerDependencies": {
        "react": "^18.2.0"
      }
    },
    "node_modules/scheduler": {
      "version": "0.23.0",
      "resolved": "https://registry.npmjs.org/scheduler/-/scheduler-0.23.0.tgz",
      "integrity": "sha512-CtuThmgHNg7zIZWAXi3AsyIzA3n4xx7aNyjwC2VJldO2LMVDhFK+63xGqq6CsJH4rTAt6/M+N4GhZiDYPx9eUw==",
      "peer": true,
      "dependencies": {
        "loose-envify": "^1.1.0"
      }
    },
    "node_modules/tslib": {
      "version": "2.6.2",
      "resolved": "https://registry.npmjs.org/tslib/-/tslib-2.6.2.tgz",
      "integrity": "sha512-AEYxH93jGFPn/a2iVAwW87VuUIkR1FVUKB77NwMF7nBTDkDrrT/Hpt/IrCJ0QXhW27jTBDcf5ZY7w6RiqTMw2Q=="
    }
  }
}
